
Microsoft Visual Studio Solution File, Format Version 12.00
# Visual Studio Version 16
VisualStudioVersion = 16.0.31229.75
MinimumVisualStudioVersion = 10.0.40219.1
Project("{FAE04EC0-301F-11D3-BF4B-00C04F79EFBC}") = "AI.Practice1", "AI.Practice1.csproj", "{2244DC14-48E9-40CF-A76D-98F89471BCCE}"
EndProject
Global
	GlobalSection(SolutionConfigurationPlatforms) = preSolution
		Debug|Any CPU = Debug|Any CPU
		Release|Any CPU = Release|Any CPU
	EndGlobalSection
	GlobalSection(ProjectConfigurationPlatforms) = postSolution
		{2244DC14-48E9-40CF-A76D-98F89471BCCE}.Debug|Any CPU.ActiveCfg = Debug|Any CPU
		{2244DC14-48E9-40CF-A76D-98F89471BCCE}.Debug|Any CPU.Build.0 = Debug|Any CPU
		{2244DC14-48E9-40CF-A76D-98F89471BCCE}.Release|Any CPU.ActiveCfg = Release|Any CPU
		{2244DC14-48E9-40CF-A76D-98F89471BCCE}.Release|Any CPU.Build.0 = Release|Any CPU
	EndGlobalSection
	GlobalSection(SolutionProperties) = preSolution
		HideSolutionNode = FALSE
	EndGlobalSection
	GlobalSection(ExtensibilityGlobals) = postSolution
		SolutionGuid = {0E7C6B56-BF0B-4FED-9C61-63AC48D7C8EC}
	EndGlobalSection
EndGlobal
